// !$*UTF8*$!
{
	archiveVersion = 1;
	classes = {
	};
	objectVersion = 46;
	objects = {

/* Begin PBXBuildFile section */
		3AB3B9F71D2CD5CE0062D19D /* main.m in Sources */ = {isa = PBXBuildFile; fileRef = 3AB3B9F61D2CD5CE0062D19D /* main.m */; };
		3AB3B9FA1D2CD5CE0062D19D /* MKRAppDelegate.m in Sources */ = {isa = PBXBuildFile; fileRef = 3AB3B9F91D2CD5CE0062D19D /* MKRAppDelegate.m */; };
		3AB3BA001D2CD5CE0062D19D /* Main.storyboard in Resources */ = {isa = PBXBuildFile; fileRef = 3AB3B9FE1D2CD5CE0062D19D /* Main.storyboard */; };
		3AB3BA021D2CD5CE0062D19D /* Assets.xcassets in Resources */ = {isa = PBXBuildFile; fileRef = 3AB3BA011D2CD5CE0062D19D /* Assets.xcassets */; };
		3AB3BA051D2CD5CE0062D19D /* LaunchScreen.storyboard in Resources */ = {isa = PBXBuildFile; fileRef = 3AB3BA031D2CD5CE0062D19D /* LaunchScreen.storyboard */; };
		3AB3BA0E1D2CD8270062D19D /* MKRVideoSelectViewController.m in Sources */ = {isa = PBXBuildFile; fileRef = 3AB3BA0D1D2CD8270062D19D /* MKRVideoSelectViewController.m */; };
		58AAA040886A724D9945554E /* README.MD in Sources */ = {isa = PBXBuildFile; fileRef = 58AAAE5350D8F9BD1ACE429C /* README.MD */; };
		58AAA43C429EBF8AEFFF0D11 /* MKRAudioPostProcessor.m in Sources */ = {isa = PBXBuildFile; fileRef = 58AAA8CC84525834040B3479 /* MKRAudioPostProcessor.m */; };
		58AAA4B25E713B88C8A85767 /* MKRRawDataProcessor.m in Sources */ = {isa = PBXBuildFile; fileRef = 58AAA329BD28D95F1C3FC80E /* MKRRawDataProcessor.m */; };
		58AAA9380D54677C89FE42B0 /* MKRExportProcessor.m in Sources */ = {isa = PBXBuildFile; fileRef = 58AAA7E9FE605BF019532C5C /* MKRExportProcessor.m */; };
		58AAA944BF373CF8914810C9 /* MKRVad.m in Sources */ = {isa = PBXBuildFile; fileRef = 58AAAA340F82A110339BAA56 /* MKRVad.m */; };
		58AAAE6C2D9E50DBD5FFEA55 /* MKRCVad.m in Sources */ = {isa = PBXBuildFile; fileRef = 58AAACD1FA4D58090C4CD60E /* MKRCVad.m */; };
		D71346851D3119CB00B9EDC3 /* 01.plist in Resources */ = {isa = PBXBuildFile; fileRef = D71346841D3119CB00B9EDC3 /* 01.plist */; };
		D763B3DE1D34C95E00D9669E /* MKRScene.m in Sources */ = {isa = PBXBuildFile; fileRef = D763B3CF1D34C95E00D9669E /* MKRScene.m */; };
		D763B3DF1D34C95E00D9669E /* MKRSceneA.m in Sources */ = {isa = PBXBuildFile; fileRef = D763B3D11D34C95E00D9669E /* MKRSceneA.m */; };
		D763B3E01D34C95E00D9669E /* MKRSceneA1.m in Sources */ = {isa = PBXBuildFile; fileRef = D763B3D31D34C95E00D9669E /* MKRSceneA1.m */; };
		D763B3E11D34C95E00D9669E /* MKRSceneB.m in Sources */ = {isa = PBXBuildFile; fileRef = D763B3D51D34C95E00D9669E /* MKRSceneB.m */; };
		D763B3E21D34C95E00D9669E /* MKRSceneC.m in Sources */ = {isa = PBXBuildFile; fileRef = D763B3D71D34C95E00D9669E /* MKRSceneC.m */; };
		D763B3E31D34C95E00D9669E /* MKRSceneD.m in Sources */ = {isa = PBXBuildFile; fileRef = D763B3D91D34C95E00D9669E /* MKRSceneD.m */; };
		D763B3E41D34C95E00D9669E /* MKRSceneE.m in Sources */ = {isa = PBXBuildFile; fileRef = D763B3DB1D34C95E00D9669E /* MKRSceneE.m */; };
		D763B3E51D34C95E00D9669E /* MKRSceneF.m in Sources */ = {isa = PBXBuildFile; fileRef = D763B3DD1D34C95E00D9669E /* MKRSceneF.m */; };
		D76621751D2F9DE200E0A402 /* MKRProcessedInterval.m in Sources */ = {isa = PBXBuildFile; fileRef = D76621741D2F9DE200E0A402 /* MKRProcessedInterval.m */; };
		D76F1D1A1D325152000132A1 /* 01.wav in Resources */ = {isa = PBXBuildFile; fileRef = D76F1D191D325152000132A1 /* 01.wav */; };
		D7D04B4B1D3392D400E606F9 /* 02.plist in Resources */ = {isa = PBXBuildFile; fileRef = D7D04B4A1D3392D400E606F9 /* 02.plist */; };
		D7D04B4D1D33933D00E606F9 /* 02.wav in Resources */ = {isa = PBXBuildFile; fileRef = D7D04B4C1D33933D00E606F9 /* 02.wav */; };
		D7E5F3C51D2F489C0095F5D6 /* MKRTrack.m in Sources */ = {isa = PBXBuildFile; fileRef = D7E5F3C41D2F489C0095F5D6 /* MKRTrack.m */; };
		D7E5F3C81D2F48A90095F5D6 /* MKRBar.m in Sources */ = {isa = PBXBuildFile; fileRef = D7E5F3C71D2F48A90095F5D6 /* MKRBar.m */; };
		D7E5F3CF1D2F49110095F5D6 /* MKRBarManager.m in Sources */ = {isa = PBXBuildFile; fileRef = D7E5F3CE1D2F49110095F5D6 /* MKRBarManager.m */; };
		D7E5F3D21D2F49D80095F5D6 /* MKRInterval.m in Sources */ = {isa = PBXBuildFile; fileRef = D7E5F3D11D2F49D80095F5D6 /* MKRInterval.m */; };
/* End PBXBuildFile section */

/* Begin PBXFileReference section */
		3AB3B9F21D2CD5CE0062D19D /* clipper.app */ = {isa = PBXFileReference; explicitFileType = wrapper.application; includeInIndex = 0; path = clipper.app; sourceTree = BUILT_PRODUCTS_DIR; };
		3AB3B9F61D2CD5CE0062D19D /* main.m */ = {isa = PBXFileReference; lastKnownFileType = sourcecode.c.objc; path = main.m; sourceTree = "<group>"; };
		3AB3B9F81D2CD5CE0062D19D /* MKRAppDelegate.h */ = {isa = PBXFileReference; lastKnownFileType = sourcecode.c.h; path = MKRAppDelegate.h; sourceTree = "<group>"; };
		3AB3B9F91D2CD5CE0062D19D /* MKRAppDelegate.m */ = {isa = PBXFileReference; lastKnownFileType = sourcecode.c.objc; path = MKRAppDelegate.m; sourceTree = "<group>"; };
		3AB3B9FF1D2CD5CE0062D19D /* Base */ = {isa = PBXFileReference; lastKnownFileType = file.storyboard; name = Base; path = Base.lproj/Main.storyboard; sourceTree = "<group>"; };
		3AB3BA011D2CD5CE0062D19D /* Assets.xcassets */ = {isa = PBXFileReference; lastKnownFileType = folder.assetcatalog; path = Assets.xcassets; sourceTree = "<group>"; };
		3AB3BA041D2CD5CE0062D19D /* Base */ = {isa = PBXFileReference; lastKnownFileType = file.storyboard; name = Base; path = Base.lproj/LaunchScreen.storyboard; sourceTree = "<group>"; };
		3AB3BA061D2CD5CE0062D19D /* Info.plist */ = {isa = PBXFileReference; lastKnownFileType = text.plist.xml; path = Info.plist; sourceTree = "<group>"; };
		3AB3BA0C1D2CD8270062D19D /* MKRVideoSelectViewController.h */ = {isa = PBXFileReference; fileEncoding = 4; lastKnownFileType = sourcecode.c.h; path = MKRVideoSelectViewController.h; sourceTree = "<group>"; };
		3AB3BA0D1D2CD8270062D19D /* MKRVideoSelectViewController.m */ = {isa = PBXFileReference; fileEncoding = 4; lastKnownFileType = sourcecode.c.objc; path = MKRVideoSelectViewController.m; sourceTree = "<group>"; };
		58AAA13346A0E3B2C2DBC798 /* MKRAudioPostProcessor.h */ = {isa = PBXFileReference; fileEncoding = 4; lastKnownFileType = sourcecode.c.h; path = MKRAudioPostProcessor.h; sourceTree = "<group>"; };
		58AAA329BD28D95F1C3FC80E /* MKRRawDataProcessor.m */ = {isa = PBXFileReference; fileEncoding = 4; lastKnownFileType = sourcecode.c.objc; path = MKRRawDataProcessor.m; sourceTree = "<group>"; };
		58AAA7E9FE605BF019532C5C /* MKRExportProcessor.m */ = {isa = PBXFileReference; fileEncoding = 4; lastKnownFileType = sourcecode.c.objc; path = MKRExportProcessor.m; sourceTree = "<group>"; };
		58AAA8CC84525834040B3479 /* MKRAudioPostProcessor.m */ = {isa = PBXFileReference; fileEncoding = 4; lastKnownFileType = sourcecode.c.objc; path = MKRAudioPostProcessor.m; sourceTree = "<group>"; };
		58AAAA340F82A110339BAA56 /* MKRVad.m */ = {isa = PBXFileReference; fileEncoding = 4; lastKnownFileType = sourcecode.c.objc; path = MKRVad.m; sourceTree = "<group>"; };
		58AAAB935C8B7FE6E7E27DF0 /* MKRVad.h */ = {isa = PBXFileReference; fileEncoding = 4; lastKnownFileType = sourcecode.c.h; path = MKRVad.h; sourceTree = "<group>"; };
		58AAACD1FA4D58090C4CD60E /* MKRCVad.m */ = {isa = PBXFileReference; fileEncoding = 4; lastKnownFileType = sourcecode.c.objc; path = MKRCVad.m; sourceTree = "<group>"; };
		58AAAD01955A4571E9DEF1E5 /* MKRRawDataProcessor.h */ = {isa = PBXFileReference; fileEncoding = 4; lastKnownFileType = sourcecode.c.h; path = MKRRawDataProcessor.h; sourceTree = "<group>"; };
		58AAAE5350D8F9BD1ACE429C /* README.MD */ = {isa = PBXFileReference; fileEncoding = 4; lastKnownFileType = net.daringfireball.markdown; path = README.MD; sourceTree = "<group>"; };
		58AAAF04ECC3873696FAF6D8 /* MKRExportProcessor.h */ = {isa = PBXFileReference; fileEncoding = 4; lastKnownFileType = sourcecode.c.h; path = MKRExportProcessor.h; sourceTree = "<group>"; };
		58AAAFB31421FAF140184D43 /* MKRCVad.h */ = {isa = PBXFileReference; fileEncoding = 4; lastKnownFileType = sourcecode.c.h; path = MKRCVad.h; sourceTree = "<group>"; };
		D71346841D3119CB00B9EDC3 /* 01.plist */ = {isa = PBXFileReference; fileEncoding = 4; lastKnownFileType = text.plist.xml; path = 01.plist; sourceTree = "<group>"; };
		D763B3CE1D34C95E00D9669E /* MKRScene.h */ = {isa = PBXFileReference; fileEncoding = 4; lastKnownFileType = sourcecode.c.h; path = MKRScene.h; sourceTree = "<group>"; };
		D763B3CF1D34C95E00D9669E /* MKRScene.m */ = {isa = PBXFileReference; fileEncoding = 4; lastKnownFileType = sourcecode.c.objc; path = MKRScene.m; sourceTree = "<group>"; };
		D763B3D01D34C95E00D9669E /* MKRSceneA.h */ = {isa = PBXFileReference; fileEncoding = 4; lastKnownFileType = sourcecode.c.h; path = MKRSceneA.h; sourceTree = "<group>"; };
		D763B3D11D34C95E00D9669E /* MKRSceneA.m */ = {isa = PBXFileReference; fileEncoding = 4; lastKnownFileType = sourcecode.c.objc; path = MKRSceneA.m; sourceTree = "<group>"; };
		D763B3D21D34C95E00D9669E /* MKRSceneA1.h */ = {isa = PBXFileReference; fileEncoding = 4; lastKnownFileType = sourcecode.c.h; path = MKRSceneA1.h; sourceTree = "<group>"; };
		D763B3D31D34C95E00D9669E /* MKRSceneA1.m */ = {isa = PBXFileReference; fileEncoding = 4; lastKnownFileType = sourcecode.c.objc; path = MKRSceneA1.m; sourceTree = "<group>"; };
		D763B3D41D34C95E00D9669E /* MKRSceneB.h */ = {isa = PBXFileReference; fileEncoding = 4; lastKnownFileType = sourcecode.c.h; path = MKRSceneB.h; sourceTree = "<group>"; };
		D763B3D51D34C95E00D9669E /* MKRSceneB.m */ = {isa = PBXFileReference; fileEncoding = 4; lastKnownFileType = sourcecode.c.objc; path = MKRSceneB.m; sourceTree = "<group>"; };
		D763B3D61D34C95E00D9669E /* MKRSceneC.h */ = {isa = PBXFileReference; fileEncoding = 4; lastKnownFileType = sourcecode.c.h; path = MKRSceneC.h; sourceTree = "<group>"; };
		D763B3D71D34C95E00D9669E /* MKRSceneC.m */ = {isa = PBXFileReference; fileEncoding = 4; lastKnownFileType = sourcecode.c.objc; path = MKRSceneC.m; sourceTree = "<group>"; };
		D763B3D81D34C95E00D9669E /* MKRSceneD.h */ = {isa = PBXFileReference; fileEncoding = 4; lastKnownFileType = sourcecode.c.h; path = MKRSceneD.h; sourceTree = "<group>"; };
		D763B3D91D34C95E00D9669E /* MKRSceneD.m */ = {isa = PBXFileReference; fileEncoding = 4; lastKnownFileType = sourcecode.c.objc; path = MKRSceneD.m; sourceTree = "<group>"; };
		D763B3DA1D34C95E00D9669E /* MKRSceneE.h */ = {isa = PBXFileReference; fileEncoding = 4; lastKnownFileType = sourcecode.c.h; path = MKRSceneE.h; sourceTree = "<group>"; };
		D763B3DB1D34C95E00D9669E /* MKRSceneE.m */ = {isa = PBXFileReference; fileEncoding = 4; lastKnownFileType = sourcecode.c.objc; path = MKRSceneE.m; sourceTree = "<group>"; };
		D763B3DC1D34C95E00D9669E /* MKRSceneF.h */ = {isa = PBXFileReference; fileEncoding = 4; lastKnownFileType = sourcecode.c.h; path = MKRSceneF.h; sourceTree = "<group>"; };
		D763B3DD1D34C95E00D9669E /* MKRSceneF.m */ = {isa = PBXFileReference; fileEncoding = 4; lastKnownFileType = sourcecode.c.objc; path = MKRSceneF.m; sourceTree = "<group>"; };
		D76621731D2F9DE200E0A402 /* MKRProcessedInterval.h */ = {isa = PBXFileReference; fileEncoding = 4; lastKnownFileType = sourcecode.c.h; path = MKRProcessedInterval.h; sourceTree = "<group>"; };
		D76621741D2F9DE200E0A402 /* MKRProcessedInterval.m */ = {isa = PBXFileReference; fileEncoding = 4; lastKnownFileType = sourcecode.c.objc; path = MKRProcessedInterval.m; sourceTree = "<group>"; };
		D76F1D191D325152000132A1 /* 01.wav */ = {isa = PBXFileReference; lastKnownFileType = audio.wav; path = 01.wav; sourceTree = "<group>"; };
		D7D04B4A1D3392D400E606F9 /* 02.plist */ = {isa = PBXFileReference; fileEncoding = 4; lastKnownFileType = text.plist.xml; path = 02.plist; sourceTree = "<group>"; };
		D7D04B4C1D33933D00E606F9 /* 02.wav */ = {isa = PBXFileReference; lastKnownFileType = audio.wav; path = 02.wav; sourceTree = "<group>"; };
		D7E5F3C31D2F489C0095F5D6 /* MKRTrack.h */ = {isa = PBXFileReference; fileEncoding = 4; lastKnownFileType = sourcecode.c.h; path = MKRTrack.h; sourceTree = "<group>"; };
		D7E5F3C41D2F489C0095F5D6 /* MKRTrack.m */ = {isa = PBXFileReference; fileEncoding = 4; lastKnownFileType = sourcecode.c.objc; path = MKRTrack.m; sourceTree = "<group>"; };
		D7E5F3C61D2F48A90095F5D6 /* MKRBar.h */ = {isa = PBXFileReference; fileEncoding = 4; lastKnownFileType = sourcecode.c.h; path = MKRBar.h; sourceTree = "<group>"; };
		D7E5F3C71D2F48A90095F5D6 /* MKRBar.m */ = {isa = PBXFileReference; fileEncoding = 4; lastKnownFileType = sourcecode.c.objc; path = MKRBar.m; sourceTree = "<group>"; };
		D7E5F3CD1D2F49110095F5D6 /* MKRBarManager.h */ = {isa = PBXFileReference; fileEncoding = 4; lastKnownFileType = sourcecode.c.h; path = MKRBarManager.h; sourceTree = "<group>"; };
		D7E5F3CE1D2F49110095F5D6 /* MKRBarManager.m */ = {isa = PBXFileReference; fileEncoding = 4; lastKnownFileType = sourcecode.c.objc; path = MKRBarManager.m; sourceTree = "<group>"; };
		D7E5F3D01D2F49D80095F5D6 /* MKRInterval.h */ = {isa = PBXFileReference; fileEncoding = 4; lastKnownFileType = sourcecode.c.h; path = MKRInterval.h; sourceTree = "<group>"; };
		D7E5F3D11D2F49D80095F5D6 /* MKRInterval.m */ = {isa = PBXFileReference; fileEncoding = 4; lastKnownFileType = sourcecode.c.objc; path = MKRInterval.m; sourceTree = "<group>"; };
/* End PBXFileReference section */

/* Begin PBXFrameworksBuildPhase section */
		3AB3B9EF1D2CD5CE0062D19D /* Frameworks */ = {
			isa = PBXFrameworksBuildPhase;
			buildActionMask = 2147483647;
			files = (
			);
			runOnlyForDeploymentPostprocessing = 0;
		};
/* End PBXFrameworksBuildPhase section */

/* Begin PBXGroup section */
		3AB3B9E91D2CD5CE0062D19D = {
			isa = PBXGroup;
			children = (
				D71346821D3119CB00B9EDC3 /* assets */,
				3AB3B9F41D2CD5CE0062D19D /* clipper */,
				3AB3B9F31D2CD5CE0062D19D /* Products */,
				58AAACA1DA2AF1E41D159602 /* clipperSources */,
				58AAAE5350D8F9BD1ACE429C /* README.MD */,
			);
			sourceTree = "<group>";
		};
		3AB3B9F31D2CD5CE0062D19D /* Products */ = {
			isa = PBXGroup;
			children = (
				3AB3B9F21D2CD5CE0062D19D /* clipper.app */,
			);
			name = Products;
			sourceTree = "<group>";
		};
		3AB3B9F41D2CD5CE0062D19D /* clipper */ = {
			isa = PBXGroup;
			children = (
				3AB3B9F81D2CD5CE0062D19D /* MKRAppDelegate.h */,
				3AB3B9F91D2CD5CE0062D19D /* MKRAppDelegate.m */,
				3AB3B9FE1D2CD5CE0062D19D /* Main.storyboard */,
				3AB3BA011D2CD5CE0062D19D /* Assets.xcassets */,
				3AB3BA031D2CD5CE0062D19D /* LaunchScreen.storyboard */,
				3AB3BA061D2CD5CE0062D19D /* Info.plist */,
				3AB3B9F51D2CD5CE0062D19D /* Supporting Files */,
			);
			path = clipper;
			sourceTree = "<group>";
		};
		3AB3B9F51D2CD5CE0062D19D /* Supporting Files */ = {
			isa = PBXGroup;
			children = (
				3AB3B9F61D2CD5CE0062D19D /* main.m */,
			);
			name = "Supporting Files";
			sourceTree = "<group>";
		};
		58AAA18E58E2FC73F249ECB2 /* VAD */ = {
			isa = PBXGroup;
			children = (
				58AAACD1FA4D58090C4CD60E /* MKRCVad.m */,
				58AAAFB31421FAF140184D43 /* MKRCVad.h */,
				58AAAA340F82A110339BAA56 /* MKRVad.m */,
				58AAAB935C8B7FE6E7E27DF0 /* MKRVad.h */,
			);
			path = VAD;
			sourceTree = "<group>";
		};
		58AAA98146A845B5B5C3A4DD /* Controllers */ = {
			isa = PBXGroup;
			children = (
				58AAAB7EBAA750EF408542C4 /* VideoSelect */,
			);
			path = Controllers;
			sourceTree = "<group>";
		};
		58AAAA337504D5449F17E4CA /* PreProcess */ = {
			isa = PBXGroup;
			children = (
				58AAA329BD28D95F1C3FC80E /* MKRRawDataProcessor.m */,
				58AAAD01955A4571E9DEF1E5 /* MKRRawDataProcessor.h */,
			);
			path = PreProcess;
			sourceTree = "<group>";
		};
		58AAAB7EBAA750EF408542C4 /* VideoSelect */ = {
			isa = PBXGroup;
			children = (
				3AB3BA0C1D2CD8270062D19D /* MKRVideoSelectViewController.h */,
				3AB3BA0D1D2CD8270062D19D /* MKRVideoSelectViewController.m */,
			);
			path = VideoSelect;
			sourceTree = "<group>";
		};
		58AAACA1DA2AF1E41D159602 /* clipperSources */ = {
			isa = PBXGroup;
			children = (
				D7E5F3C21D2F48920095F5D6 /* Track */,
				58AAA98146A845B5B5C3A4DD /* Controllers */,
				58AAAE3E60EC6A81FCC3071F /* Utils */,
			);
			path = clipperSources;
			sourceTree = "<group>";
		};
		58AAAD62AC4E9C3E96DBF492 /* PostProcess */ = {
			isa = PBXGroup;
			children = (
				58AAA8CC84525834040B3479 /* MKRAudioPostProcessor.m */,
				58AAA13346A0E3B2C2DBC798 /* MKRAudioPostProcessor.h */,
				58AAA7E9FE605BF019532C5C /* MKRExportProcessor.m */,
				58AAAF04ECC3873696FAF6D8 /* MKRExportProcessor.h */,
			);
			path = PostProcess;
			sourceTree = "<group>";
		};
		58AAAE3E60EC6A81FCC3071F /* Utils */ = {
			isa = PBXGroup;
			children = (
				D7E5F3CC1D2F48D10095F5D6 /* Analysis */,
				58AAA18E58E2FC73F249ECB2 /* VAD */,
				58AAAD62AC4E9C3E96DBF492 /* PostProcess */,
				58AAAA337504D5449F17E4CA /* PreProcess */,
			);
			path = Utils;
			sourceTree = "<group>";
		};
		D71346821D3119CB00B9EDC3 /* assets */ = {
			isa = PBXGroup;
			children = (
				D71346831D3119CB00B9EDC3 /* tracks */,
			);
			path = assets;
			sourceTree = "<group>";
		};
		D71346831D3119CB00B9EDC3 /* tracks */ = {
			isa = PBXGroup;
			children = (
				D7D04B4C1D33933D00E606F9 /* 02.wav */,
				D76F1D191D325152000132A1 /* 01.wav */,
				D71346841D3119CB00B9EDC3 /* 01.plist */,
				D7D04B4A1D3392D400E606F9 /* 02.plist */,
			);
			path = tracks;
			sourceTree = "<group>";
		};
		D763B3CD1D34C92F00D9669E /* Scenes */ = {
			isa = PBXGroup;
			children = (
				D763B3CE1D34C95E00D9669E /* MKRScene.h */,
				D763B3CF1D34C95E00D9669E /* MKRScene.m */,
				D763B3D01D34C95E00D9669E /* MKRSceneA.h */,
				D763B3D11D34C95E00D9669E /* MKRSceneA.m */,
				D763B3D21D34C95E00D9669E /* MKRSceneA1.h */,
				D763B3D31D34C95E00D9669E /* MKRSceneA1.m */,
				D763B3D41D34C95E00D9669E /* MKRSceneB.h */,
				D763B3D51D34C95E00D9669E /* MKRSceneB.m */,
				D763B3D61D34C95E00D9669E /* MKRSceneC.h */,
				D763B3D71D34C95E00D9669E /* MKRSceneC.m */,
				D763B3D81D34C95E00D9669E /* MKRSceneD.h */,
				D763B3D91D34C95E00D9669E /* MKRSceneD.m */,
				D763B3DA1D34C95E00D9669E /* MKRSceneE.h */,
				D763B3DB1D34C95E00D9669E /* MKRSceneE.m */,
				D763B3DC1D34C95E00D9669E /* MKRSceneF.h */,
				D763B3DD1D34C95E00D9669E /* MKRSceneF.m */,
			);
			path = Scenes;
			sourceTree = "<group>";
		};
		D7E5F3C21D2F48920095F5D6 /* Track */ = {
			isa = PBXGroup;
			children = (
				D763B3CD1D34C92F00D9669E /* Scenes */,
				D7E5F3C31D2F489C0095F5D6 /* MKRTrack.h */,
				D7E5F3C41D2F489C0095F5D6 /* MKRTrack.m */,
				D7E5F3C61D2F48A90095F5D6 /* MKRBar.h */,
				D7E5F3C71D2F48A90095F5D6 /* MKRBar.m */,
				D7E5F3D01D2F49D80095F5D6 /* MKRInterval.h */,
				D7E5F3D11D2F49D80095F5D6 /* MKRInterval.m */,
				D76621731D2F9DE200E0A402 /* MKRProcessedInterval.h */,
				D76621741D2F9DE200E0A402 /* MKRProcessedInterval.m */,
			);
			path = Track;
			sourceTree = "<group>";
		};
		D7E5F3CC1D2F48D10095F5D6 /* Analysis */ = {
			isa = PBXGroup;
			children = (
				D7E5F3CD1D2F49110095F5D6 /* MKRBarManager.h */,
				D7E5F3CE1D2F49110095F5D6 /* MKRBarManager.m */,
			);
			path = Analysis;
			sourceTree = "<group>";
		};
/* End PBXGroup section */

/* Begin PBXNativeTarget section */
		3AB3B9F11D2CD5CE0062D19D /* clipper */ = {
			isa = PBXNativeTarget;
			buildConfigurationList = 3AB3BA091D2CD5CE0062D19D /* Build configuration list for PBXNativeTarget "clipper" */;
			buildPhases = (
				3AB3B9EE1D2CD5CE0062D19D /* Sources */,
				3AB3B9EF1D2CD5CE0062D19D /* Frameworks */,
				3AB3B9F01D2CD5CE0062D19D /* Resources */,
			);
			buildRules = (
			);
			dependencies = (
			);
			name = clipper;
			productName = clipper;
			productReference = 3AB3B9F21D2CD5CE0062D19D /* clipper.app */;
			productType = "com.apple.product-type.application";
		};
/* End PBXNativeTarget section */

/* Begin PBXProject section */
		3AB3B9EA1D2CD5CE0062D19D /* Project object */ = {
			isa = PBXProject;
			attributes = {
				LastUpgradeCheck = 0720;
				ORGANIZATIONNAME = mayak;
				TargetAttributes = {
					3AB3B9F11D2CD5CE0062D19D = {
						CreatedOnToolsVersion = 7.2.1;
						DevelopmentTeam = 44FPHB4323;
					};
				};
			};
			buildConfigurationList = 3AB3B9ED1D2CD5CE0062D19D /* Build configuration list for PBXProject "clipper" */;
			compatibilityVersion = "Xcode 3.2";
			developmentRegion = English;
			hasScannedForEncodings = 0;
			knownRegions = (
				en,
				Base,
			);
			mainGroup = 3AB3B9E91D2CD5CE0062D19D;
			productRefGroup = 3AB3B9F31D2CD5CE0062D19D /* Products */;
			projectDirPath = "";
			projectRoot = "";
			targets = (
				3AB3B9F11D2CD5CE0062D19D /* clipper */,
			);
		};
/* End PBXProject section */

/* Begin PBXResourcesBuildPhase section */
		3AB3B9F01D2CD5CE0062D19D /* Resources */ = {
			isa = PBXResourcesBuildPhase;
			buildActionMask = 2147483647;
			files = (
				D76F1D1A1D325152000132A1 /* 01.wav in Resources */,
				D7D04B4D1D33933D00E606F9 /* 02.wav in Resources */,
				3AB3BA051D2CD5CE0062D19D /* LaunchScreen.storyboard in Resources */,
				3AB3BA021D2CD5CE0062D19D /* Assets.xcassets in Resources */,
				3AB3BA001D2CD5CE0062D19D /* Main.storyboard in Resources */,
				D7D04B4B1D3392D400E606F9 /* 02.plist in Resources */,
				D71346851D3119CB00B9EDC3 /* 01.plist in Resources */,
			);
			runOnlyForDeploymentPostprocessing = 0;
		};
/* End PBXResourcesBuildPhase section */

/* Begin PBXSourcesBuildPhase section */
		3AB3B9EE1D2CD5CE0062D19D /* Sources */ = {
			isa = PBXSourcesBuildPhase;
			buildActionMask = 2147483647;
			files = (
				D7E5F3C51D2F489C0095F5D6 /* MKRTrack.m in Sources */,
				D763B3E21D34C95E00D9669E /* MKRSceneC.m in Sources */,
				3AB3B9FA1D2CD5CE0062D19D /* MKRAppDelegate.m in Sources */,
				D7E5F3C81D2F48A90095F5D6 /* MKRBar.m in Sources */,
				D763B3E51D34C95E00D9669E /* MKRSceneF.m in Sources */,
				D76621751D2F9DE200E0A402 /* MKRProcessedInterval.m in Sources */,
				D763B3E31D34C95E00D9669E /* MKRSceneD.m in Sources */,
				3AB3B9F71D2CD5CE0062D19D /* main.m in Sources */,
				D763B3E41D34C95E00D9669E /* MKRSceneE.m in Sources */,
				D763B3DE1D34C95E00D9669E /* MKRScene.m in Sources */,
				D7E5F3D21D2F49D80095F5D6 /* MKRInterval.m in Sources */,
				3AB3BA0E1D2CD8270062D19D /* MKRVideoSelectViewController.m in Sources */,
				D7E5F3CF1D2F49110095F5D6 /* MKRBarManager.m in Sources */,
				D763B3E01D34C95E00D9669E /* MKRSceneA1.m in Sources */,
				58AAA040886A724D9945554E /* README.MD in Sources */,
				58AAAE6C2D9E50DBD5FFEA55 /* MKRCVad.m in Sources */,
				D763B3DF1D34C95E00D9669E /* MKRSceneA.m in Sources */,
				D763B3E11D34C95E00D9669E /* MKRSceneB.m in Sources */,
				58AAA944BF373CF8914810C9 /* MKRVad.m in Sources */,
				58AAA43C429EBF8AEFFF0D11 /* MKRAudioPostProcessor.m in Sources */,
				58AAA4B25E713B88C8A85767 /* MKRRawDataProcessor.m in Sources */,
				58AAA9380D54677C89FE42B0 /* MKRExportProcessor.m in Sources */,
			);
			runOnlyForDeploymentPostprocessing = 0;
		};
/* End PBXSourcesBuildPhase section */

/* Begin PBXVariantGroup section */
		3AB3B9FE1D2CD5CE0062D19D /* Main.storyboard */ = {
			isa = PBXVariantGroup;
			children = (
				3AB3B9FF1D2CD5CE0062D19D /* Base */,
			);
			name = Main.storyboard;
			sourceTree = "<group>";
		};
		3AB3BA031D2CD5CE0062D19D /* LaunchScreen.storyboard */ = {
			isa = PBXVariantGroup;
			children = (
				3AB3BA041D2CD5CE0062D19D /* Base */,
			);
			name = LaunchScreen.storyboard;
			sourceTree = "<group>";
		};
/* End PBXVariantGroup section */

/* Begin XCBuildConfiguration section */
		3AB3BA071D2CD5CE0062D19D /* Debug */ = {
			isa = XCBuildConfiguration;
			buildSettings = {
				ALWAYS_SEARCH_USER_PATHS = NO;
				CLANG_CXX_LANGUAGE_STANDARD = "gnu++0x";
				CLANG_CXX_LIBRARY = "libc++";
				CLANG_ENABLE_MODULES = YES;
				CLANG_ENABLE_OBJC_ARC = YES;
				CLANG_WARN_BOOL_CONVERSION = YES;
				CLANG_WARN_CONSTANT_CONVERSION = YES;
				CLANG_WARN_DIRECT_OBJC_ISA_USAGE = YES_ERROR;
				CLANG_WARN_EMPTY_BODY = YES;
				CLANG_WARN_ENUM_CONVERSION = YES;
				CLANG_WARN_INT_CONVERSION = YES;
				CLANG_WARN_OBJC_ROOT_CLASS = YES_ERROR;
				CLANG_WARN_UNREACHABLE_CODE = YES;
				CLANG_WARN__DUPLICATE_METHOD_MATCH = YES;
				"CODE_SIGN_IDENTITY[sdk=iphoneos*]" = "iPhone Developer";
				COPY_PHASE_STRIP = NO;
				DEBUG_INFORMATION_FORMAT = dwarf;
				ENABLE_STRICT_OBJC_MSGSEND = YES;
				ENABLE_TESTABILITY = YES;
				GCC_C_LANGUAGE_STANDARD = gnu99;
				GCC_DYNAMIC_NO_PIC = NO;
				GCC_NO_COMMON_BLOCKS = YES;
				GCC_OPTIMIZATION_LEVEL = 0;
				GCC_PREPROCESSOR_DEFINITIONS = (
					"DEBUG=1",
					"$(inherited)",
				);
				GCC_WARN_64_TO_32_BIT_CONVERSION = YES;
				GCC_WARN_ABOUT_RETURN_TYPE = YES_ERROR;
				GCC_WARN_UNDECLARED_SELECTOR = YES;
				GCC_WARN_UNINITIALIZED_AUTOS = YES_AGGRESSIVE;
				GCC_WARN_UNUSED_FUNCTION = YES;
				GCC_WARN_UNUSED_VARIABLE = YES;
				IPHONEOS_DEPLOYMENT_TARGET = 9.2;
				MTL_ENABLE_DEBUG_INFO = YES;
				ONLY_ACTIVE_ARCH = YES;
				SDKROOT = iphoneos;
			};
			name = Debug;
		};
		3AB3BA081D2CD5CE0062D19D /* Release */ = {
			isa = XCBuildConfiguration;
			buildSettings = {
				ALWAYS_SEARCH_USER_PATHS = NO;
				CLANG_CXX_LANGUAGE_STANDARD = "gnu++0x";
				CLANG_CXX_LIBRARY = "libc++";
				CLANG_ENABLE_MODULES = YES;
				CLANG_ENABLE_OBJC_ARC = YES;
				CLANG_WARN_BOOL_CONVERSION = YES;
				CLANG_WARN_CONSTANT_CONVERSION = YES;
				CLANG_WARN_DIRECT_OBJC_ISA_USAGE = YES_ERROR;
				CLANG_WARN_EMPTY_BODY = YES;
				CLANG_WARN_ENUM_CONVERSION = YES;
				CLANG_WARN_INT_CONVERSION = YES;
				CLANG_WARN_OBJC_ROOT_CLASS = YES_ERROR;
				CLANG_WARN_UNREACHABLE_CODE = YES;
				CLANG_WARN__DUPLICATE_METHOD_MATCH = YES;
				"CODE_SIGN_IDENTITY[sdk=iphoneos*]" = "iPhone Developer";
				COPY_PHASE_STRIP = NO;
				DEBUG_INFORMATION_FORMAT = "dwarf-with-dsym";
				ENABLE_NS_ASSERTIONS = NO;
				ENABLE_STRICT_OBJC_MSGSEND = YES;
				GCC_C_LANGUAGE_STANDARD = gnu99;
				GCC_NO_COMMON_BLOCKS = YES;
				GCC_WARN_64_TO_32_BIT_CONVERSION = YES;
				GCC_WARN_ABOUT_RETURN_TYPE = YES_ERROR;
				GCC_WARN_UNDECLARED_SELECTOR = YES;
				GCC_WARN_UNINITIALIZED_AUTOS = YES_AGGRESSIVE;
				GCC_WARN_UNUSED_FUNCTION = YES;
				GCC_WARN_UNUSED_VARIABLE = YES;
				IPHONEOS_DEPLOYMENT_TARGET = 9.2;
				MTL_ENABLE_DEBUG_INFO = NO;
				SDKROOT = iphoneos;
				VALIDATE_PRODUCT = YES;
			};
			name = Release;
		};
		3AB3BA0A1D2CD5CE0062D19D /* Debug */ = {
			isa = XCBuildConfiguration;
			buildSettings = {
				ALWAYS_SEARCH_USER_PATHS = NO;
				ASSETCATALOG_COMPILER_APPICON_NAME = AppIcon;
				CODE_SIGN_IDENTITY = "iPhone Developer";
				"CODE_SIGN_IDENTITY[sdk=iphoneos*]" = "iPhone Developer";
				HEADER_SEARCH_PATHS = "";
				INFOPLIST_FILE = clipper/Info.plist;
				IPHONEOS_DEPLOYMENT_TARGET = 8.0;
				LD_RUNPATH_SEARCH_PATHS = "$(inherited) @executable_path/Frameworks";
				LIBRARY_SEARCH_PATHS = "";
				OTHER_LDFLAGS = "";
				PRODUCT_BUNDLE_IDENTIFIER = com.mayak.clipper;
				PRODUCT_NAME = "$(TARGET_NAME)";
				PROVISIONING_PROFILE = "";
			};
			name = Debug;
		};
		3AB3BA0B1D2CD5CE0062D19D /* Release */ = {
			isa = XCBuildConfiguration;
			buildSettings = {
				ALWAYS_SEARCH_USER_PATHS = NO;
				ASSETCATALOG_COMPILER_APPICON_NAME = AppIcon;
				CODE_SIGN_IDENTITY = "iPhone Developer";
				"CODE_SIGN_IDENTITY[sdk=iphoneos*]" = "iPhone Developer";
				HEADER_SEARCH_PATHS = "";
				INFOPLIST_FILE = clipper/Info.plist;
				IPHONEOS_DEPLOYMENT_TARGET = 8.0;
				LD_RUNPATH_SEARCH_PATHS = "$(inherited) @executable_path/Frameworks";
				LIBRARY_SEARCH_PATHS = "";
				OTHER_LDFLAGS = "";
				PRODUCT_BUNDLE_IDENTIFIER = com.mayak.clipper;
				PRODUCT_NAME = "$(TARGET_NAME)";
				PROVISIONING_PROFILE = "";
			};
			name = Release;
		};
/* End XCBuildConfiguration section */

/* Begin XCConfigurationList section */
		3AB3B9ED1D2CD5CE0062D19D /* Build configuration list for PBXProject "clipper" */ = {
			isa = XCConfigurationList;
			buildConfigurations = (
				3AB3BA071D2CD5CE0062D19D /* Debug */,
				3AB3BA081D2CD5CE0062D19D /* Release */,
			);
			defaultConfigurationIsVisible = 0;
			defaultConfigurationName = Release;
		};
		3AB3BA091D2CD5CE0062D19D /* Build configuration list for PBXNativeTarget "clipper" */ = {
			isa = XCConfigurationList;
			buildConfigurations = (
				3AB3BA0A1D2CD5CE0062D19D /* Debug */,
				3AB3BA0B1D2CD5CE0062D19D /* Release */,
			);
			defaultConfigurationIsVisible = 0;
			defaultConfigurationName = Release;
		};
/* End XCConfigurationList section */
	};
	rootObject = 3AB3B9EA1D2CD5CE0062D19D /* Project object */;
}
